
Microsoft Visual Studio Solution File, Format Version 12.00
# Visual Studio Version 16
VisualStudioVersion = 16.0.29728.190
MinimumVisualStudioVersion = 10.0.40219.1
Project("{FAE04EC0-301F-11D3-BF4B-00C04F79EFBC}") = "MachineLearningTest", "MachineLearingTest\MachineLearningTest.csproj", "{B48CBC8B-05B8-488C-B210-DD64C2BC4940}"
EndProject
Global
	GlobalSection(SolutionConfigurationPlatforms) = preSolution
		Debug|Any CPU = Debug|Any CPU
		Debug|x64 = Debug|x64
		Release|Any CPU = Release|Any CPU
		Release|x64 = Release|x64
		REREr|Any CPU = REREr|Any CPU
		REREr|x64 = REREr|x64
	EndGlobalSection
	GlobalSection(ProjectConfigurationPlatforms) = postSolution
		{B48CBC8B-05B8-488C-B210-DD64C2BC4940}.Debug|Any CPU.ActiveCfg = Debug|Any CPU
		{B48CBC8B-05B8-488C-B210-DD64C2BC4940}.Debug|Any CPU.Build.0 = Debug|Any CPU
		{B48CBC8B-05B8-488C-B210-DD64C2BC4940}.Debug|x64.ActiveCfg = Debug|x64
		{B48CBC8B-05B8-488C-B210-DD64C2BC4940}.Debug|x64.Build.0 = Debug|x64
		{B48CBC8B-05B8-488C-B210-DD64C2BC4940}.Release|Any CPU.ActiveCfg = Release|Any CPU
		{B48CBC8B-05B8-488C-B210-DD64C2BC4940}.Release|Any CPU.Build.0 = Release|Any CPU
		{B48CBC8B-05B8-488C-B210-DD64C2BC4940}.Release|x64.ActiveCfg = Release|x64
		{B48CBC8B-05B8-488C-B210-DD64C2BC4940}.Release|x64.Build.0 = Release|x64
		{B48CBC8B-05B8-488C-B210-DD64C2BC4940}.REREr|Any CPU.ActiveCfg = REREr|Any CPU
		{B48CBC8B-05B8-488C-B210-DD64C2BC4940}.REREr|Any CPU.Build.0 = REREr|Any CPU
		{B48CBC8B-05B8-488C-B210-DD64C2BC4940}.REREr|x64.ActiveCfg = REREr|x64
		{B48CBC8B-05B8-488C-B210-DD64C2BC4940}.REREr|x64.Build.0 = REREr|x64
	EndGlobalSection
	GlobalSection(SolutionProperties) = preSolution
		HideSolutionNode = FALSE
	EndGlobalSection
	GlobalSection(ExtensibilityGlobals) = postSolution
		SolutionGuid = {FB868AF5-1E03-4A34-BA0B-1149C2E7DA25}
	EndGlobalSection
EndGlobal
